[[package]]
name = "black"
version = "22.12.0"
description = "The uncompromising code formatter."
category = "dev"
optional = false
python-versions = ">=3.7"

[package.dependencies]
click = ">=8.0.0"
mypy-extensions = ">=0.4.3"
pathspec = ">=0.9.0"
platformdirs = ">=2"
tomli = {version = ">=1.1.0", markers = "python_full_version < \"3.11.0a7\""}

[package.extras]
colorama = ["colorama (>=0.4.3)"]
d = ["aiohttp (>=3.7.4)"]
jupyter = ["ipython (>=7.8.0)", "tokenize-rt (>=3.2.0)"]
uvloop = ["uvloop (>=0.15.2)"]

[[package]]
name = "cachetools"
version = "5.3.1"
description = "Extensible memoizing collections and decorators"
category = "dev"
optional = false
python-versions = ">=3.7"

[[package]]
name = "chardet"
version = "5.1.0"
description = "Universal encoding detector for Python 3"
category = "dev"
optional = false
python-versions = ">=3.7"

[[package]]
name = "click"
version = "8.1.3"
description = "Composable command line interface toolkit"
category = "dev"
optional = false
python-versions = ">=3.7"

[package.dependencies]
colorama = {version = "*", markers = "platform_system == \"Windows\""}

[[package]]
name = "colorama"
version = "0.4.6"
description = "Cross-platform colored terminal text."
category = "dev"
optional = false
python-versions = "!=3.0.*,!=3.1.*,!=3.2.*,!=3.3.*,!=3.4.*,!=3.5.*,!=3.6.*,>=2.7"

[[package]]
name = "distlib"
version = "0.3.6"
description = "Distribution utilities"
category = "dev"
optional = false
python-versions = "*"

[[package]]
name = "exceptiongroup"
version = "1.1.1"
description = "Backport of PEP 654 (exception groups)"
category = "dev"
optional = false
python-versions = ">=3.7"

[package.extras]
test = ["pytest (>=6)"]

[[package]]
name = "filelock"
version = "3.12.2"
description = "A platform independent file lock."
category = "dev"
optional = false
python-versions = ">=3.7"

[package.extras]
docs = ["furo (>=2023.5.20)", "sphinx-autodoc-typehints (>=1.23,!=1.23.4)", "sphinx (>=7.0.1)"]
testing = ["covdefaults (>=2.3)", "coverage (>=7.2.7)", "diff-cover (>=7.5)", "pytest-cov (>=4.1)", "pytest-mock (>=3.10)", "pytest-timeout (>=2.1)", "pytest (>=7.3.1)"]

[[package]]
name = "iniconfig"
version = "2.0.0"
description = "brain-dead simple config-ini parsing"
category = "dev"
optional = false
python-versions = ">=3.7"

[[package]]
name = "isort"
version = "5.12.0"
description = "A Python utility / library to sort Python imports."
category = "dev"
optional = false
python-versions = ">=3.8.0"

[package.extras]
colors = ["colorama (>=0.4.3)"]
requirements-deprecated-finder = ["pip-api", "pipreqs"]
pipfile-deprecated-finder = ["pip-shims (>=0.5.2)", "pipreqs", "requirementslib"]
plugins = ["setuptools"]

[[package]]
name = "mypy-extensions"
version = "1.0.0"
description = "Type system extensions for programs checked with the mypy type checker."
category = "dev"
optional = false
python-versions = ">=3.5"

[[package]]
name = "packaging"
version = "23.1"
description = "Core utilities for Python packages"
category = "dev"
optional = false
python-versions = ">=3.7"

[[package]]
name = "pathspec"
version = "0.11.1"
description = "Utility library for gitignore style pattern matching of file paths."
category = "dev"
optional = false
python-versions = ">=3.7"

[[package]]
name = "platformdirs"
version = "3.6.0"
description = "A small Python package for determining appropriate platform-specific dirs, e.g. a \"user data dir\"."
category = "dev"
optional = false
python-versions = ">=3.7"

[package.extras]
docs = ["furo (>=2023.5.20)", "proselint (>=0.13)", "sphinx-autodoc-typehints (>=1.23,!=1.23.4)", "sphinx (>=7.0.1)"]
test = ["appdirs (==1.4.4)", "covdefaults (>=2.3)", "pytest-cov (>=4.1)", "pytest-mock (>=3.10)", "pytest (>=7.3.1)"]

[[package]]
name = "pluggy"
version = "1.1.0"
description = "plugin and hook calling mechanisms for python"
category = "dev"
optional = false
python-versions = ">=3.7"

[package.extras]
dev = ["pre-commit", "tox"]
testing = ["pytest", "pytest-benchmark"]

[[package]]
name = "pyproject-api"
version = "1.5.2"
description = "API to interact with the python pyproject.toml based projects"
category = "dev"
optional = false
python-versions = ">=3.7"

[package.dependencies]
packaging = ">=23.1"
tomli = {version = ">=2.0.1", markers = "python_version < \"3.11\""}

[package.extras]
docs = ["furo (>=2023.5.20)", "sphinx-autodoc-typehints (>=1.23,!=1.23.4)", "sphinx (>=7.0.1)"]
testing = ["covdefaults (>=2.3)", "importlib-metadata (>=6.6)", "pytest-cov (>=4.1)", "pytest-mock (>=3.10)", "pytest (>=7.3.1)", "setuptools (>=67.8)", "wheel (>=0.40)"]

[[package]]
name = "pytest"
version = "7.3.2"
description = "pytest: simple powerful testing with Python"
category = "dev"
optional = false
python-versions = ">=3.7"

[package.dependencies]
colorama = {version = "*", markers = "sys_platform == \"win32\""}
exceptiongroup = {version = ">=1.0.0rc8", markers = "python_version < \"3.11\""}
iniconfig = "*"
packaging = "*"
pluggy = ">=0.12,<2.0"
tomli = {version = ">=1.0.0", markers = "python_version < \"3.11\""}

[package.extras]
testing = ["argcomplete", "attrs (>=19.2.0)", "hypothesis (>=3.56)", "mock", "nose", "pygments (>=2.7.2)", "requests", "setuptools", "xmlschema"]

[[package]]
name = "pytest-randomly"
version = "3.12.0"
description = "Pytest plugin to randomly order tests and control random.seed."
category = "dev"
optional = false
python-versions = ">=3.7"

[package.dependencies]
pytest = "*"

[[package]]
name = "pytest-repeat"
version = "0.9.1"
description = "pytest plugin for repeating tests"
category = "dev"
optional = false
python-versions = ">=2.7, !=3.0.*, !=3.1.*, !=3.2.*, !=3.3.*, !=3.4.*"

[package.dependencies]
pytest = ">=3.6"

[[package]]
name = "tomli"
version = "2.0.1"
description = "A lil' TOML parser"
category = "main"
optional = false
python-versions = ">=3.7"

[[package]]
name = "tox"
version = "4.6.3"
description = "tox is a generic virtualenv management and test command line tool"
category = "dev"
optional = false
python-versions = ">=3.7"

[package.dependencies]
cachetools = ">=5.3.1"
chardet = ">=5.1"
colorama = ">=0.4.6"
filelock = ">=3.12.2"
packaging = ">=23.1"
platformdirs = ">=3.5.3"
pluggy = ">=1"
pyproject-api = ">=1.5.2"
tomli = {version = ">=2.0.1", markers = "python_version < \"3.11\""}
virtualenv = ">=20.23.1"

[package.extras]
docs = ["furo (>=2023.5.20)", "sphinx-argparse-cli (>=1.11.1)", "sphinx-autodoc-typehints (>=1.23.2,!=1.23.4)", "sphinx-copybutton (>=0.5.2)", "sphinx-inline-tabs (>=2023.4.21)", "sphinx (>=7.0.1)", "sphinxcontrib-towncrier (>=0.2.1a0)", "towncrier (>=23.6)"]
testing = ["build[virtualenv] (>=0.10)", "covdefaults (>=2.3)", "detect-test-pollution (>=1.1.1)", "devpi-process (>=0.3.1)", "diff-cover (>=7.6)", "distlib (>=0.3.6)", "flaky (>=3.7)", "hatch-vcs (>=0.3)", "hatchling (>=1.17.1)", "psutil (>=5.9.5)", "pytest-cov (>=4.1)", "pytest-mock (>=3.11.1)", "pytest-xdist (>=3.3.1)", "pytest (>=7.3.2)", "re-assert (>=1.1)", "time-machine (>=2.10)", "wheel (>=0.40)"]

[[package]]
name = "virtualenv"
version = "20.23.1"
description = "Virtual Python Environment builder"
category = "dev"
optional = false
python-versions = ">=3.7"

[package.dependencies]
distlib = ">=0.3.6,<1"
filelock = ">=3.12,<4"
platformdirs = ">=3.5.1,<4"

[package.extras]
docs = ["furo (>=2023.5.20)", "proselint (>=0.13)", "sphinx-argparse (>=0.4)", "sphinx (>=7.0.1)", "sphinxcontrib-towncrier (>=0.2.1a0)", "towncrier (>=23.6)"]
test = ["covdefaults (>=2.3)", "coverage-enable-subprocess (>=1)", "coverage (>=7.2.7)", "flaky (>=3.7)", "packaging (>=23.1)", "pytest-env (>=0.8.1)", "pytest-freezer (>=0.4.6)", "pytest-mock (>=3.10)", "pytest-randomly (>=3.12)", "pytest-timeout (>=2.1)", "pytest (>=7.3.1)", "setuptools (>=67.8)", "time-machine (>=2.9)"]

[metadata]
lock-version = "1.1"
python-versions = "^3.10"
content-hash = "5d0edd070ea010edb4e2ade88dc37324b8b4b04f22db78e49db161185365849b"

[metadata.files]
black = []
cachetools = []
chardet = []
click = []
colorama = []
distlib = []
exceptiongroup = []
filelock = []
iniconfig = []
isort = []
mypy-extensions = []
packaging = []
pathspec = []
platformdirs = []
pluggy = []
pyproject-api = []
pytest = []
pytest-randomly = []
pytest-repeat = []
tomli = []
tox = []
virtualenv = []
